<?xml version="1.0" encoding="utf-8"?>
<Project ToolsVersion="4.0" xmlns="http://schemas.microsoft.com/developer/msbuild/2003">
  <ItemGroup>
    <Filter Include="Resource Files">
      <UniqueIdentifier>{67DA6AB6-F800-4c08-8B7A-83BB121AAD01}</UniqueIdentifier>
      <Extensions>rc;ico;cur;bmp;dlg;rc2;rct;bin;rgs;gif;jpg;jpeg;jpe;resx;tiff;tif;png;wav;mfcribbon-ms</Extensions>
    </Filter>
    <Filter Include="Src">
      <UniqueIdentifier>{9fc6e92f-aa76-4de9-a82c-ddf5149433ff}</UniqueIdentifier>
    </Filter>
    <Filter Include="Src\core">
      <UniqueIdentifier>{298201a6-9421-404c-97bf-9a0118b4a3c3}</UniqueIdentifier>
    </Filter>
    <Filter Include="Src\Shader">
      <UniqueIdentifier>{506c7cd5-6be7-4e1a-a8ef-4528c1b411b3}</UniqueIdentifier>
    </Filter>
  </ItemGroup>
  <ItemGroup>
    <ClCompile Include="Src\Main.cpp">
      <Filter>Src</Filter>
    </ClCompile>
    <ClCompile Include="Src\core\Engine.cpp">
      <Filter>Src\core</Filter>
    </ClCompile>
    <ClCompile Include="Src\glad.c">
      <Filter>Src</Filter>
    </ClCompile>
    <ClCompile Include="Src\core\VAO.cpp">
      <Filter>Src\core</Filter>
    </ClCompile>
    <ClCompile Include="Src\core\VBO.cpp">
      <Filter>Src\core</Filter>
    </ClCompile>
    <ClCompile Include="Src\core\EBO.cpp">
      <Filter>Src\core</Filter>
    </ClCompile>
    <ClCompile Include="Src\core\Shader.cpp">
      <Filter>Src\core</Filter>
    </ClCompile>
    <ClCompile Include="Src\core\Rectangle.cpp">
      <Filter>Src\core</Filter>
    </ClCompile>
    <ClCompile Include="Src\core\Camera.cpp">
      <Filter>Src\core</Filter>
    </ClCompile>
    <ClCompile Include="Src\core\Cube.cpp">
      <Filter>Src\core</Filter>
    </ClCompile>
  </ItemGroup>
  <ItemGroup>
    <ClInclude Include="Src\core\Engine.h">
      <Filter>Src\core</Filter>
    </ClInclude>
    <ClInclude Include="Src\core\VAO.h">
      <Filter>Src\core</Filter>
    </ClInclude>
    <ClInclude Include="Src\core\VBO.h">
      <Filter>Src\core</Filter>
    </ClInclude>
    <ClInclude Include="Src\core\EBO.h">
      <Filter>Src\core</Filter>
    </ClInclude>
    <ClInclude Include="Src\core\Shader.h">
      <Filter>Src\core</Filter>
    </ClInclude>
    <ClInclude Include="Src\core\Rectangle.h">
      <Filter>Src\core</Filter>
    </ClInclude>
    <ClInclude Include="Src\core\Camera.h">
      <Filter>Src\core</Filter>
    </ClInclude>
    <ClInclude Include="Src\core\Cube.h">
      <Filter>Src\core</Filter>
    </ClInclude>
  </ItemGroup>
  <ItemGroup>
    <None Include="Resources\Shaders\basic.shader" />
    <None Include="Resources\Shaders\normalDebug.shader" />
    <None Include="Resources\Shaders\water.shader" />
    <None Include="Src\Shader\Dif.vert">
      <Filter>Src\Shader</Filter>
    </None>
    <None Include="Src\Shader\Dif.frag">
      <Filter>Src\Shader</Filter>
    </None>
  </ItemGroup>
  <ItemGroup>
    <Text Include="DoxyFile.txt" />
  </ItemGroup>
</Project>