<?xml version="1.0" encoding="utf-8"?>
<Project ToolsVersion="4.0" xmlns="http://schemas.microsoft.com/developer/msbuild/2003">
  <ItemGroup>
    <Filter Include="Src">
      <UniqueIdentifier>{c06c50d1-103e-4ce4-963c-c578c288559f}</UniqueIdentifier>
    </Filter>
    <Filter Include="Src\Core">
      <UniqueIdentifier>{395c5723-30cd-4d13-89ad-ed92d262126c}</UniqueIdentifier>
    </Filter>
    <Filter Include="Shader">
      <UniqueIdentifier>{4f1cc40a-8295-4041-a2f0-2b2cf6e17852}</UniqueIdentifier>
    </Filter>
    <Filter Include="Res">
      <UniqueIdentifier>{1d942a64-6ada-4a05-bb70-401f8b5d852d}</UniqueIdentifier>
    </Filter>
    <Filter Include="Src\World">
      <UniqueIdentifier>{5a456562-e680-4c92-a559-354857f34677}</UniqueIdentifier>
    </Filter>
    <Filter Include="Src\Scene">
      <UniqueIdentifier>{016cf8cb-c4f6-420b-8667-774213e8329b}</UniqueIdentifier>
    </Filter>
  </ItemGroup>
  <ItemGroup>
    <ClCompile Include="Src\glad.c">
      <Filter>Src</Filter>
    </ClCompile>
    <ClCompile Include="Src\Main.cpp">
      <Filter>Src</Filter>
    </ClCompile>
    <ClCompile Include="Src\core\Camera.cpp">
      <Filter>Src\Core</Filter>
    </ClCompile>
    <ClCompile Include="Src\core\Cube.cpp">
      <Filter>Src\Core</Filter>
    </ClCompile>
    <ClCompile Include="Src\core\EBO.cpp">
      <Filter>Src\Core</Filter>
    </ClCompile>
    <ClCompile Include="Src\core\Engine.cpp">
      <Filter>Src\Core</Filter>
    </ClCompile>
    <ClCompile Include="Src\core\Rectangle.cpp">
      <Filter>Src\Core</Filter>
    </ClCompile>
    <ClCompile Include="Src\core\Shader.cpp">
      <Filter>Src\Core</Filter>
    </ClCompile>
    <ClCompile Include="Src\core\Texture.cpp">
      <Filter>Src\Core</Filter>
    </ClCompile>
    <ClCompile Include="Src\core\VAO.cpp">
      <Filter>Src\Core</Filter>
    </ClCompile>
    <ClCompile Include="Src\core\VBO.cpp">
      <Filter>Src\Core</Filter>
    </ClCompile>
    <ClCompile Include="Src\scene\Game.cpp">
      <Filter>Src\Scene</Filter>
    </ClCompile>
    <ClCompile Include="Src\scene\Scene.cpp">
      <Filter>Src\Scene</Filter>
    </ClCompile>
    <ClCompile Include="Src\world\Block.cpp">
      <Filter>Src\World</Filter>
    </ClCompile>
    <ClCompile Include="Src\world\Chunk.cpp">
      <Filter>Src\World</Filter>
    </ClCompile>
    <ClCompile Include="Src\world\CubeBlock.cpp">
      <Filter>Src\World</Filter>
    </ClCompile>
    <ClCompile Include="Src\core\Font.cpp">
      <Filter>Src\Core</Filter>
    </ClCompile>
    <ClCompile Include="Src\world\BlocksCreator.cpp">
      <Filter>Src\World</Filter>
    </ClCompile>
    <ClCompile Include="Src\world\PerlinNoise.cpp">
      <Filter>Src\World</Filter>
    </ClCompile>
    <ClCompile Include="Src\world\Plant.cpp">
      <Filter>Src\World</Filter>
    </ClCompile>
  </ItemGroup>
  <ItemGroup>
    <None Include="Shader\text.frag">
      <Filter>Shader</Filter>
    </None>
    <None Include="Shader\text.vert">
      <Filter>Shader</Filter>
    </None>
    <None Include="Shader\Diff.frag">
      <Filter>Shader</Filter>
    </None>
    <None Include="Shader\Diff.vert">
      <Filter>Shader</Filter>
    </None>
    <None Include="Shader\Diff.geom">
      <Filter>Shader</Filter>
    </None>
  </ItemGroup>
  <ItemGroup>
    <ClInclude Include="Src\core\Camera.h">
      <Filter>Src\Core</Filter>
    </ClInclude>
    <ClInclude Include="Src\core\Cube.h">
      <Filter>Src\Core</Filter>
    </ClInclude>
    <ClInclude Include="Src\core\EBO.h">
      <Filter>Src\Core</Filter>
    </ClInclude>
    <ClInclude Include="Src\core\Engine.h">
      <Filter>Src\Core</Filter>
    </ClInclude>
    <ClInclude Include="Src\core\Rectangle.h">
      <Filter>Src\Core</Filter>
    </ClInclude>
    <ClInclude Include="Src\core\Shader.h">
      <Filter>Src\Core</Filter>
    </ClInclude>
    <ClInclude Include="Src\core\Texture.h">
      <Filter>Src\Core</Filter>
    </ClInclude>
    <ClInclude Include="Src\core\VAO.h">
      <Filter>Src\Core</Filter>
    </ClInclude>
    <ClInclude Include="Src\core\VBO.h">
      <Filter>Src\Core</Filter>
    </ClInclude>
    <ClInclude Include="Src\scene\Game.h">
      <Filter>Src\Scene</Filter>
    </ClInclude>
    <ClInclude Include="Src\scene\Scene.h">
      <Filter>Src\Scene</Filter>
    </ClInclude>
    <ClInclude Include="Src\world\Block.h">
      <Filter>Src\World</Filter>
    </ClInclude>
    <ClInclude Include="Src\world\Chunk.h">
      <Filter>Src\World</Filter>
    </ClInclude>
    <ClInclude Include="Src\world\CubeBlock.h">
      <Filter>Src\World</Filter>
    </ClInclude>
    <ClInclude Include="Src\core\Font.h">
      <Filter>Src\Core</Filter>
    </ClInclude>
    <ClInclude Include="Src\world\BlocksCreator.h">
      <Filter>Src\World</Filter>
    </ClInclude>
    <ClInclude Include="Src\Properties.h" />
    <ClInclude Include="Src\world\PerlinNoise.h">
      <Filter>Src\World</Filter>
    </ClInclude>
    <ClInclude Include="Src\world\Plant.h">
      <Filter>Src\World</Filter>
    </ClInclude>
  </ItemGroup>
</Project>