
Microsoft Visual Studio Solution File, Format Version 12.00
# Visual Studio Version 17
VisualStudioVersion = 17.8.34525.116
MinimumVisualStudioVersion = 10.0.40219.1
Project("{8BC9CEB8-8B4A-11D0-8D11-00A0C91BC942}") = "MinecraftCpp", "MinecraftCpp\MinecraftCpp.vcxproj", "{7FCFA20A-6028-4E31-A5B5-DA33BC1C94E5}"
EndProject
Global
	GlobalSection(SolutionConfigurationPlatforms) = preSolution
		Debug|x64 = Debug|x64
		Debug|x86 = Debug|x86
		Release|x64 = Release|x64
		Release|x86 = Release|x86
	EndGlobalSection
	GlobalSection(ProjectConfigurationPlatforms) = postSolution
		{7FCFA20A-6028-4E31-A5B5-DA33BC1C94E5}.Debug|x64.ActiveCfg = Debug|x64
		{7FCFA20A-6028-4E31-A5B5-DA33BC1C94E5}.Debug|x64.Build.0 = Debug|x64
		{7FCFA20A-6028-4E31-A5B5-DA33BC1C94E5}.Debug|x86.ActiveCfg = Debug|Win32
		{7FCFA20A-6028-4E31-A5B5-DA33BC1C94E5}.Debug|x86.Build.0 = Debug|Win32
		{7FCFA20A-6028-4E31-A5B5-DA33BC1C94E5}.Release|x64.ActiveCfg = Release|x64
		{7FCFA20A-6028-4E31-A5B5-DA33BC1C94E5}.Release|x64.Build.0 = Release|x64
		{7FCFA20A-6028-4E31-A5B5-DA33BC1C94E5}.Release|x86.ActiveCfg = Release|Win32
		{7FCFA20A-6028-4E31-A5B5-DA33BC1C94E5}.Release|x86.Build.0 = Release|Win32
	EndGlobalSection
	GlobalSection(SolutionProperties) = preSolution
		HideSolutionNode = FALSE
	EndGlobalSection
	GlobalSection(ExtensibilityGlobals) = postSolution
		SolutionGuid = {7B72B19C-1D25-4FEA-9EB4-96AD31A7CC16}
	EndGlobalSection
EndGlobal
